// !$*UTF8*$!
{
	archiveVersion = 1;
	classes = {
	};
	objectVersion = 46;
	objects = {

/* Begin PBXBuildFile section */
		941FF2F21CBF288C002ED1C3 /* PDB.cpp in Sources */ = {isa = PBXBuildFile; fileRef = 941FF2F01CBF288C002ED1C3 /* PDB.cpp */; };
		943511E61CDAC7DE009E1BE5 /* GridMaps.cpp in Sources */ = {isa = PBXBuildFile; fileRef = 943511E41CDAC7DE009E1BE5 /* GridMaps.cpp */; };
		A05775011CB610CB00EB8408 /* STmanhattan.cpp in Sources */ = {isa = PBXBuildFile; fileRef = A05774FF1CB610CB00EB8408 /* STmanhattan.cpp */; };
		A0D844FD1CB1D38600CDA1B1 /* main.cpp in Sources */ = {isa = PBXBuildFile; fileRef = A0D844FC1CB1D38600CDA1B1 /* main.cpp */; };
		A0DC87CE1CB1D89500727651 /* GridEnvironment.cpp in Sources */ = {isa = PBXBuildFile; fileRef = A0DC87C81CB1D89500727651 /* GridEnvironment.cpp */; };
		A0DC87CF1CB1D89500727651 /* NEnvironment.cpp in Sources */ = {isa = PBXBuildFile; fileRef = A0DC87CA1CB1D89500727651 /* NEnvironment.cpp */; };
		A0DC87D01CB1D89500727651 /* SlidingTile.cpp in Sources */ = {isa = PBXBuildFile; fileRef = A0DC87CC1CB1D89500727651 /* SlidingTile.cpp */; };
/* End PBXBuildFile section */

/* Begin PBXCopyFilesBuildPhase section */
		A0D844F71CB1D38600CDA1B1 /* CopyFiles */ = {
			isa = PBXCopyFilesBuildPhase;
			buildActionMask = 2147483647;
			dstPath = /usr/share/man/man1/;
			dstSubfolderSpec = 0;
			files = (
			);
			runOnlyForDeploymentPostprocessing = 1;
		};
/* End PBXCopyFilesBuildPhase section */

/* Begin PBXFileReference section */
		941FF2F01CBF288C002ED1C3 /* PDB.cpp */ = {isa = PBXFileReference; fileEncoding = 4; lastKnownFileType = sourcecode.cpp.cpp; path = PDB.cpp; sourceTree = "<group>"; };
		941FF2F11CBF288C002ED1C3 /* PDB.hpp */ = {isa = PBXFileReference; fileEncoding = 4; lastKnownFileType = sourcecode.cpp.h; path = PDB.hpp; sourceTree = "<group>"; };
		943511E41CDAC7DE009E1BE5 /* GridMaps.cpp */ = {isa = PBXFileReference; fileEncoding = 4; lastKnownFileType = sourcecode.cpp.cpp; path = GridMaps.cpp; sourceTree = "<group>"; };
		943511E51CDAC7DE009E1BE5 /* GridMaps.hpp */ = {isa = PBXFileReference; fileEncoding = 4; lastKnownFileType = sourcecode.cpp.h; path = GridMaps.hpp; sourceTree = "<group>"; };
		943511E71CDAC85E009E1BE5 /* orz301d.map */ = {isa = PBXFileReference; lastKnownFileType = "sourcecode.module-map"; path = orz301d.map; sourceTree = "<group>"; };
		943660A91CCFEF42004518C6 /* InefficientAStar.hpp */ = {isa = PBXFileReference; fileEncoding = 4; lastKnownFileType = sourcecode.cpp.h; path = InefficientAStar.hpp; sourceTree = "<group>"; };
		945A11DB1CD958B20068C4FD /* AStar.hpp */ = {isa = PBXFileReference; fileEncoding = 4; lastKnownFileType = sourcecode.cpp.h; path = AStar.hpp; sourceTree = "<group>"; };
		946890DE1CB6E59900ABE292 /* IDA.hpp */ = {isa = PBXFileReference; fileEncoding = 4; lastKnownFileType = sourcecode.cpp.h; path = IDA.hpp; sourceTree = "<group>"; };
		A05774FF1CB610CB00EB8408 /* STmanhattan.cpp */ = {isa = PBXFileReference; fileEncoding = 4; lastKnownFileType = sourcecode.cpp.cpp; path = STmanhattan.cpp; sourceTree = "<group>"; };
		A05775001CB610CB00EB8408 /* STmanhattan.hpp */ = {isa = PBXFileReference; fileEncoding = 4; lastKnownFileType = sourcecode.cpp.h; path = STmanhattan.hpp; sourceTree = "<group>"; };
		A0D844F91CB1D38600CDA1B1 /* SAS */ = {isa = PBXFileReference; explicitFileType = "compiled.mach-o.executable"; includeInIndex = 0; path = SAS; sourceTree = BUILT_PRODUCTS_DIR; };
		A0D844FC1CB1D38600CDA1B1 /* main.cpp */ = {isa = PBXFileReference; lastKnownFileType = sourcecode.cpp.cpp; path = main.cpp; sourceTree = "<group>"; };
		A0DC87C61CB1D89500727651 /* BFS.hpp */ = {isa = PBXFileReference; fileEncoding = 4; lastKnownFileType = sourcecode.cpp.h; path = BFS.hpp; sourceTree = "<group>"; };
		A0DC87C71CB1D89500727651 /* DFID.hpp */ = {isa = PBXFileReference; fileEncoding = 4; lastKnownFileType = sourcecode.cpp.h; path = DFID.hpp; sourceTree = "<group>"; };
		A0DC87C81CB1D89500727651 /* GridEnvironment.cpp */ = {isa = PBXFileReference; fileEncoding = 4; lastKnownFileType = sourcecode.cpp.cpp; path = GridEnvironment.cpp; sourceTree = "<group>"; };
		A0DC87C91CB1D89500727651 /* GridEnvironment.hpp */ = {isa = PBXFileReference; fileEncoding = 4; lastKnownFileType = sourcecode.cpp.h; path = GridEnvironment.hpp; sourceTree = "<group>"; };
		A0DC87CA1CB1D89500727651 /* NEnvironment.cpp */ = {isa = PBXFileReference; fileEncoding = 4; lastKnownFileType = sourcecode.cpp.cpp; path = NEnvironment.cpp; sourceTree = "<group>"; };
		A0DC87CB1CB1D89500727651 /* NEnvironment.hpp */ = {isa = PBXFileReference; fileEncoding = 4; lastKnownFileType = sourcecode.cpp.h; path = NEnvironment.hpp; sourceTree = "<group>"; };
		A0DC87CC1CB1D89500727651 /* SlidingTile.cpp */ = {isa = PBXFileReference; fileEncoding = 4; lastKnownFileType = sourcecode.cpp.cpp; path = SlidingTile.cpp; sourceTree = "<group>"; };
		A0DC87CD1CB1D89500727651 /* SlidingTile.hpp */ = {isa = PBXFileReference; fileEncoding = 4; lastKnownFileType = sourcecode.cpp.h; path = SlidingTile.hpp; sourceTree = "<group>"; };
/* End PBXFileReference section */

/* Begin PBXFrameworksBuildPhase section */
		A0D844F61CB1D38600CDA1B1 /* Frameworks */ = {
			isa = PBXFrameworksBuildPhase;
			buildActionMask = 2147483647;
			files = (
			);
			runOnlyForDeploymentPostprocessing = 0;
		};
/* End PBXFrameworksBuildPhase section */

/* Begin PBXGroup section */
		A0D844F01CB1D38600CDA1B1 = {
			isa = PBXGroup;
			children = (
				A0D844FB1CB1D38600CDA1B1 /* SAS */,
				A0D844FA1CB1D38600CDA1B1 /* Products */,
			);
			sourceTree = "<group>";
		};
		A0D844FA1CB1D38600CDA1B1 /* Products */ = {
			isa = PBXGroup;
			children = (
				A0D844F91CB1D38600CDA1B1 /* SAS */,
			);
			name = Products;
			sourceTree = "<group>";
		};
		A0D844FB1CB1D38600CDA1B1 /* SAS */ = {
			isa = PBXGroup;
			children = (
				A0D844FC1CB1D38600CDA1B1 /* main.cpp */,
				945A11DB1CD958B20068C4FD /* AStar.hpp */,
				943660A91CCFEF42004518C6 /* InefficientAStar.hpp */,
				943511E41CDAC7DE009E1BE5 /* GridMaps.cpp */,
				943511E51CDAC7DE009E1BE5 /* GridMaps.hpp */,
				946890DE1CB6E59900ABE292 /* IDA.hpp */,
				A0DC87C61CB1D89500727651 /* BFS.hpp */,
				A0DC87C71CB1D89500727651 /* DFID.hpp */,
				A0DC87C81CB1D89500727651 /* GridEnvironment.cpp */,
				A0DC87C91CB1D89500727651 /* GridEnvironment.hpp */,
				A0DC87CA1CB1D89500727651 /* NEnvironment.cpp */,
				A0DC87CB1CB1D89500727651 /* NEnvironment.hpp */,
				A0DC87CC1CB1D89500727651 /* SlidingTile.cpp */,
				A0DC87CD1CB1D89500727651 /* SlidingTile.hpp */,
				A05774FF1CB610CB00EB8408 /* STmanhattan.cpp */,
				A05775001CB610CB00EB8408 /* STmanhattan.hpp */,
				941FF2F01CBF288C002ED1C3 /* PDB.cpp */,
				941FF2F11CBF288C002ED1C3 /* PDB.hpp */,
				943511E71CDAC85E009E1BE5 /* orz301d.map */,
			);
			path = SAS;
			sourceTree = "<group>";
		};
/* End PBXGroup section */

/* Begin PBXNativeTarget section */
		A0D844F81CB1D38600CDA1B1 /* SAS */ = {
			isa = PBXNativeTarget;
			buildConfigurationList = A0D845001CB1D38600CDA1B1 /* Build configuration list for PBXNativeTarget "SAS" */;
			buildPhases = (
				A0D844F51CB1D38600CDA1B1 /* Sources */,
				A0D844F61CB1D38600CDA1B1 /* Frameworks */,
				A0D844F71CB1D38600CDA1B1 /* CopyFiles */,
			);
			buildRules = (
			);
			dependencies = (
			);
			name = SAS;
			productName = SAS;
			productReference = A0D844F91CB1D38600CDA1B1 /* SAS */;
			productType = "com.apple.product-type.tool";
		};
/* End PBXNativeTarget section */

/* Begin PBXProject section */
		A0D844F11CB1D38600CDA1B1 /* Project object */ = {
			isa = PBXProject;
			attributes = {
				LastUpgradeCheck = 0720;
				ORGANIZATIONNAME = "Gain Hagenau";
				TargetAttributes = {
					A0D844F81CB1D38600CDA1B1 = {
						CreatedOnToolsVersion = 7.2.1;
					};
				};
			};
			buildConfigurationList = A0D844F41CB1D38600CDA1B1 /* Build configuration list for PBXProject "SAS" */;
			compatibilityVersion = "Xcode 3.2";
			developmentRegion = English;
			hasScannedForEncodings = 0;
			knownRegions = (
				en,
			);
			mainGroup = A0D844F01CB1D38600CDA1B1;
			productRefGroup = A0D844FA1CB1D38600CDA1B1 /* Products */;
			projectDirPath = "";
			projectRoot = "";
			targets = (
				A0D844F81CB1D38600CDA1B1 /* SAS */,
			);
		};
/* End PBXProject section */

/* Begin PBXSourcesBuildPhase section */
		A0D844F51CB1D38600CDA1B1 /* Sources */ = {
			isa = PBXSourcesBuildPhase;
			buildActionMask = 2147483647;
			files = (
				941FF2F21CBF288C002ED1C3 /* PDB.cpp in Sources */,
				A0DC87D01CB1D89500727651 /* SlidingTile.cpp in Sources */,
				943511E61CDAC7DE009E1BE5 /* GridMaps.cpp in Sources */,
				A0DC87CF1CB1D89500727651 /* NEnvironment.cpp in Sources */,
				A0D844FD1CB1D38600CDA1B1 /* main.cpp in Sources */,
				A0DC87CE1CB1D89500727651 /* GridEnvironment.cpp in Sources */,
				A05775011CB610CB00EB8408 /* STmanhattan.cpp in Sources */,
			);
			runOnlyForDeploymentPostprocessing = 0;
		};
/* End PBXSourcesBuildPhase section */

/* Begin XCBuildConfiguration section */
		A0D844FE1CB1D38600CDA1B1 /* Debug */ = {
			isa = XCBuildConfiguration;
			buildSettings = {
				ALWAYS_SEARCH_USER_PATHS = NO;
				CLANG_CXX_LANGUAGE_STANDARD = "gnu++0x";
				CLANG_CXX_LIBRARY = "libc++";
				CLANG_ENABLE_MODULES = YES;
				CLANG_ENABLE_OBJC_ARC = YES;
				CLANG_WARN_BOOL_CONVERSION = YES;
				CLANG_WARN_CONSTANT_CONVERSION = YES;
				CLANG_WARN_DIRECT_OBJC_ISA_USAGE = YES_ERROR;
				CLANG_WARN_EMPTY_BODY = YES;
				CLANG_WARN_ENUM_CONVERSION = YES;
				CLANG_WARN_INT_CONVERSION = YES;
				CLANG_WARN_OBJC_ROOT_CLASS = YES_ERROR;
				CLANG_WARN_UNREACHABLE_CODE = YES;
				CLANG_WARN__DUPLICATE_METHOD_MATCH = YES;
				CODE_SIGN_IDENTITY = "-";
				COPY_PHASE_STRIP = NO;
				DEBUG_INFORMATION_FORMAT = dwarf;
				ENABLE_STRICT_OBJC_MSGSEND = YES;
				ENABLE_TESTABILITY = YES;
				GCC_C_LANGUAGE_STANDARD = gnu99;
				GCC_DYNAMIC_NO_PIC = NO;
				GCC_NO_COMMON_BLOCKS = YES;
				GCC_OPTIMIZATION_LEVEL = 0;
				GCC_PREPROCESSOR_DEFINITIONS = (
					"DEBUG=1",
					"$(inherited)",
				);
				GCC_WARN_64_TO_32_BIT_CONVERSION = YES;
				GCC_WARN_ABOUT_RETURN_TYPE = YES_ERROR;
				GCC_WARN_UNDECLARED_SELECTOR = YES;
				GCC_WARN_UNINITIALIZED_AUTOS = YES_AGGRESSIVE;
				GCC_WARN_UNUSED_FUNCTION = YES;
				GCC_WARN_UNUSED_VARIABLE = YES;
				MACOSX_DEPLOYMENT_TARGET = 10.11;
				MTL_ENABLE_DEBUG_INFO = YES;
				ONLY_ACTIVE_ARCH = YES;
				SDKROOT = macosx;
			};
			name = Debug;
		};
		A0D844FF1CB1D38600CDA1B1 /* Release */ = {
			isa = XCBuildConfiguration;
			buildSettings = {
				ALWAYS_SEARCH_USER_PATHS = NO;
				CLANG_CXX_LANGUAGE_STANDARD = "gnu++0x";
				CLANG_CXX_LIBRARY = "libc++";
				CLANG_ENABLE_MODULES = YES;
				CLANG_ENABLE_OBJC_ARC = YES;
				CLANG_WARN_BOOL_CONVERSION = YES;
				CLANG_WARN_CONSTANT_CONVERSION = YES;
				CLANG_WARN_DIRECT_OBJC_ISA_USAGE = YES_ERROR;
				CLANG_WARN_EMPTY_BODY = YES;
				CLANG_WARN_ENUM_CONVERSION = YES;
				CLANG_WARN_INT_CONVERSION = YES;
				CLANG_WARN_OBJC_ROOT_CLASS = YES_ERROR;
				CLANG_WARN_UNREACHABLE_CODE = YES;
				CLANG_WARN__DUPLICATE_METHOD_MATCH = YES;
				CODE_SIGN_IDENTITY = "-";
				COPY_PHASE_STRIP = NO;
				DEBUG_INFORMATION_FORMAT = "dwarf-with-dsym";
				ENABLE_NS_ASSERTIONS = NO;
				ENABLE_STRICT_OBJC_MSGSEND = YES;
				GCC_C_LANGUAGE_STANDARD = gnu99;
				GCC_NO_COMMON_BLOCKS = YES;
				GCC_WARN_64_TO_32_BIT_CONVERSION = YES;
				GCC_WARN_ABOUT_RETURN_TYPE = YES_ERROR;
				GCC_WARN_UNDECLARED_SELECTOR = YES;
				GCC_WARN_UNINITIALIZED_AUTOS = YES_AGGRESSIVE;
				GCC_WARN_UNUSED_FUNCTION = YES;
				GCC_WARN_UNUSED_VARIABLE = YES;
				MACOSX_DEPLOYMENT_TARGET = 10.11;
				MTL_ENABLE_DEBUG_INFO = NO;
				SDKROOT = macosx;
			};
			name = Release;
		};
		A0D845011CB1D38600CDA1B1 /* Debug */ = {
			isa = XCBuildConfiguration;
			buildSettings = {
				GCC_OPTIMIZATION_LEVEL = fast;
				PRODUCT_NAME = "$(TARGET_NAME)";
			};
			name = Debug;
		};
		A0D845021CB1D38600CDA1B1 /* Release */ = {
			isa = XCBuildConfiguration;
			buildSettings = {
				PRODUCT_NAME = "$(TARGET_NAME)";
			};
			name = Release;
		};
/* End XCBuildConfiguration section */

/* Begin XCConfigurationList section */
		A0D844F41CB1D38600CDA1B1 /* Build configuration list for PBXProject "SAS" */ = {
			isa = XCConfigurationList;
			buildConfigurations = (
				A0D844FE1CB1D38600CDA1B1 /* Debug */,
				A0D844FF1CB1D38600CDA1B1 /* Release */,
			);
			defaultConfigurationIsVisible = 0;
			defaultConfigurationName = Release;
		};
		A0D845001CB1D38600CDA1B1 /* Build configuration list for PBXNativeTarget "SAS" */ = {
			isa = XCConfigurationList;
			buildConfigurations = (
				A0D845011CB1D38600CDA1B1 /* Debug */,
				A0D845021CB1D38600CDA1B1 /* Release */,
			);
			defaultConfigurationIsVisible = 0;
			defaultConfigurationName = Release;
		};
/* End XCConfigurationList section */
	};
	rootObject = A0D844F11CB1D38600CDA1B1 /* Project object */;
}
